
Microsoft Visual Studio Solution File, Format Version 12.00
# Visual Studio Version 16
VisualStudioVersion = 16.0.30104.148
MinimumVisualStudioVersion = 10.0.40219.1
Project("{FAE04EC0-301F-11D3-BF4B-00C04F79EFBC}") = "Random_CheckDigit", "Random_CheckDigit.csproj", "{AFC9AB1C-AFDB-4839-A9C2-AF5221F60472}"
EndProject
Global
	GlobalSection(SolutionConfigurationPlatforms) = preSolution
		Debug|Any CPU = Debug|Any CPU
		Release|Any CPU = Release|Any CPU
	EndGlobalSection
	GlobalSection(ProjectConfigurationPlatforms) = postSolution
		{AFC9AB1C-AFDB-4839-A9C2-AF5221F60472}.Debug|Any CPU.ActiveCfg = Debug|Any CPU
		{AFC9AB1C-AFDB-4839-A9C2-AF5221F60472}.Debug|Any CPU.Build.0 = Debug|Any CPU
		{AFC9AB1C-AFDB-4839-A9C2-AF5221F60472}.Release|Any CPU.ActiveCfg = Release|Any CPU
		{AFC9AB1C-AFDB-4839-A9C2-AF5221F60472}.Release|Any CPU.Build.0 = Release|Any CPU
	EndGlobalSection
	GlobalSection(SolutionProperties) = preSolution
		HideSolutionNode = FALSE
	EndGlobalSection
	GlobalSection(ExtensibilityGlobals) = postSolution
		SolutionGuid = {F88A8184-FB8D-4937-A37C-C7D1B9188677}
	EndGlobalSection
EndGlobal
